
Microsoft Visual Studio Solution File, Format Version 12.00
# Visual Studio Version 17
VisualStudioVersion = 17.9.34714.143
MinimumVisualStudioVersion = 10.0.40219.1
Project("{FAE04EC0-301F-11D3-BF4B-00C04F79EFBC}") = "ChaosLib", "ChaosLib.csproj", "{08E6DF10-3566-4F1A-9654-3129F027E596}"
EndProject
Global
	GlobalSection(SolutionConfigurationPlatforms) = preSolution
		Debug|Any CPU = Debug|Any CPU
		Release|Any CPU = Release|Any CPU
	EndGlobalSection
	GlobalSection(ProjectConfigurationPlatforms) = postSolution
		{08E6DF10-3566-4F1A-9654-3129F027E596}.Debug|Any CPU.ActiveCfg = Debug|Any CPU
		{08E6DF10-3566-4F1A-9654-3129F027E596}.Debug|Any CPU.Build.0 = Debug|Any CPU
		{08E6DF10-3566-4F1A-9654-3129F027E596}.Release|Any CPU.ActiveCfg = Release|Any CPU
		{08E6DF10-3566-4F1A-9654-3129F027E596}.Release|Any CPU.Build.0 = Release|Any CPU
	EndGlobalSection
	GlobalSection(SolutionProperties) = preSolution
		HideSolutionNode = FALSE
	EndGlobalSection
	GlobalSection(ExtensibilityGlobals) = postSolution
		SolutionGuid = {A940AEF0-9EA6-4566-BF0A-CDAB125FBE94}
	EndGlobalSection
EndGlobal
